
Microsoft Visual Studio Solution File, Format Version 12.00
# Visual Studio Version 16
VisualStudioVersion = 16.0.34301.259
MinimumVisualStudioVersion = 10.0.40219.1
Project("{FAE04EC0-301F-11D3-BF4B-00C04F79EFBC}") = "YBSBProject", "YBSBProject\YBSBProject.csproj", "{A6CFD5B3-C59F-442C-88AF-DAAF23F3488B}"
EndProject
Global
	GlobalSection(SolutionConfigurationPlatforms) = preSolution
		Debug|Any CPU = Debug|Any CPU
		Release|Any CPU = Release|Any CPU
	EndGlobalSection
	GlobalSection(ProjectConfigurationPlatforms) = postSolution
		{A6CFD5B3-C59F-442C-88AF-DAAF23F3488B}.Debug|Any CPU.ActiveCfg = Debug|Any CPU
		{A6CFD5B3-C59F-442C-88AF-DAAF23F3488B}.Debug|Any CPU.Build.0 = Debug|Any CPU
		{A6CFD5B3-C59F-442C-88AF-DAAF23F3488B}.Release|Any CPU.ActiveCfg = Release|Any CPU
		{A6CFD5B3-C59F-442C-88AF-DAAF23F3488B}.Release|Any CPU.Build.0 = Release|Any CPU
	EndGlobalSection
	GlobalSection(SolutionProperties) = preSolution
		HideSolutionNode = FALSE
	EndGlobalSection
	GlobalSection(ExtensibilityGlobals) = postSolution
		SolutionGuid = {8E459E5C-28C5-41A5-BFD0-FF480D002CC1}
	EndGlobalSection
EndGlobal
